// !$*UTF8*$!
{
	archiveVersion = 1;
	classes = {
	};
	objectVersion = 50;
	objects = {

/* Begin PBXBuildFile section */
		C35462262668F5A600DD3A30 /* AppDelegate.swift in Sources */ = {isa = PBXBuildFile; fileRef = C35462252668F5A600DD3A30 /* AppDelegate.swift */; };
		C35462282668F5A600DD3A30 /* SceneDelegate.swift in Sources */ = {isa = PBXBuildFile; fileRef = C35462272668F5A600DD3A30 /* SceneDelegate.swift */; };
		C354622A2668F5A600DD3A30 /* ViewController.swift in Sources */ = {isa = PBXBuildFile; fileRef = C35462292668F5A600DD3A30 /* ViewController.swift */; };
		C354622D2668F5A600DD3A30 /* Main.storyboard in Resources */ = {isa = PBXBuildFile; fileRef = C354622B2668F5A600DD3A30 /* Main.storyboard */; };
		C354622F2668F5A800DD3A30 /* Assets.xcassets in Resources */ = {isa = PBXBuildFile; fileRef = C354622E2668F5A800DD3A30 /* Assets.xcassets */; };
		C35462322668F5A800DD3A30 /* LaunchScreen.storyboard in Resources */ = {isa = PBXBuildFile; fileRef = C35462302668F5A800DD3A30 /* LaunchScreen.storyboard */; };
		C354623B2668F60300DD3A30 /* APICaller.swift in Sources */ = {isa = PBXBuildFile; fileRef = C354623A2668F60300DD3A30 /* APICaller.swift */; };
		C354623F2668F9D800DD3A30 /* Dogecoin_Logo.png in Resources */ = {isa = PBXBuildFile; fileRef = C354623E2668F9D800DD3A30 /* Dogecoin_Logo.png */; };
		C35462422668FBFF00DD3A30 /* DodgeCoinData.swift in Sources */ = {isa = PBXBuildFile; fileRef = C35462412668FBFF00DD3A30 /* DodgeCoinData.swift */; };
		C3546246266A052D00DD3A30 /* DogeTableViewCell.swift in Sources */ = {isa = PBXBuildFile; fileRef = C3546245266A052D00DD3A30 /* DogeTableViewCell.swift */; };
/* End PBXBuildFile section */

/* Begin PBXFileReference section */
		C35462222668F5A600DD3A30 /* DodgeCoinTracker.app */ = {isa = PBXFileReference; explicitFileType = wrapper.application; includeInIndex = 0; path = DodgeCoinTracker.app; sourceTree = BUILT_PRODUCTS_DIR; };
		C35462252668F5A600DD3A30 /* AppDelegate.swift */ = {isa = PBXFileReference; lastKnownFileType = sourcecode.swift; path = AppDelegate.swift; sourceTree = "<group>"; };
		C35462272668F5A600DD3A30 /* SceneDelegate.swift */ = {isa = PBXFileReference; lastKnownFileType = sourcecode.swift; path = SceneDelegate.swift; sourceTree = "<group>"; };
		C35462292668F5A600DD3A30 /* ViewController.swift */ = {isa = PBXFileReference; lastKnownFileType = sourcecode.swift; path = ViewController.swift; sourceTree = "<group>"; };
		C354622C2668F5A600DD3A30 /* Base */ = {isa = PBXFileReference; lastKnownFileType = file.storyboard; name = Base; path = Base.lproj/Main.storyboard; sourceTree = "<group>"; };
		C354622E2668F5A800DD3A30 /* Assets.xcassets */ = {isa = PBXFileReference; lastKnownFileType = folder.assetcatalog; path = Assets.xcassets; sourceTree = "<group>"; };
		C35462312668F5A800DD3A30 /* Base */ = {isa = PBXFileReference; lastKnownFileType = file.storyboard; name = Base; path = Base.lproj/LaunchScreen.storyboard; sourceTree = "<group>"; };
		C35462332668F5A800DD3A30 /* Info.plist */ = {isa = PBXFileReference; lastKnownFileType = text.plist.xml; path = Info.plist; sourceTree = "<group>"; };
		C354623A2668F60300DD3A30 /* APICaller.swift */ = {isa = PBXFileReference; lastKnownFileType = sourcecode.swift; path = APICaller.swift; sourceTree = "<group>"; };
		C354623E2668F9D800DD3A30 /* Dogecoin_Logo.png */ = {isa = PBXFileReference; lastKnownFileType = image.png; path = Dogecoin_Logo.png; sourceTree = "<group>"; };
		C35462412668FBFF00DD3A30 /* DodgeCoinData.swift */ = {isa = PBXFileReference; lastKnownFileType = sourcecode.swift; path = DodgeCoinData.swift; sourceTree = "<group>"; };
		C3546245266A052D00DD3A30 /* DogeTableViewCell.swift */ = {isa = PBXFileReference; lastKnownFileType = sourcecode.swift; path = DogeTableViewCell.swift; sourceTree = "<group>"; };
/* End PBXFileReference section */

/* Begin PBXFrameworksBuildPhase section */
		C354621F2668F5A600DD3A30 /* Frameworks */ = {
			isa = PBXFrameworksBuildPhase;
			buildActionMask = 2147483647;
			files = (
			);
			runOnlyForDeploymentPostprocessing = 0;
		};
/* End PBXFrameworksBuildPhase section */

/* Begin PBXGroup section */
		C35462192668F5A600DD3A30 = {
			isa = PBXGroup;
			children = (
				C35462242668F5A600DD3A30 /* DodgeCoinTracker */,
				C35462232668F5A600DD3A30 /* Products */,
			);
			sourceTree = "<group>";
		};
		C35462232668F5A600DD3A30 /* Products */ = {
			isa = PBXGroup;
			children = (
				C35462222668F5A600DD3A30 /* DodgeCoinTracker.app */,
			);
			name = Products;
			sourceTree = "<group>";
		};
		C35462242668F5A600DD3A30 /* DodgeCoinTracker */ = {
			isa = PBXGroup;
			children = (
				C35462252668F5A600DD3A30 /* AppDelegate.swift */,
				C35462272668F5A600DD3A30 /* SceneDelegate.swift */,
				C35462292668F5A600DD3A30 /* ViewController.swift */,
				C3546245266A052D00DD3A30 /* DogeTableViewCell.swift */,
				C354623A2668F60300DD3A30 /* APICaller.swift */,
				C35462412668FBFF00DD3A30 /* DodgeCoinData.swift */,
				C354622B2668F5A600DD3A30 /* Main.storyboard */,
				C354623E2668F9D800DD3A30 /* Dogecoin_Logo.png */,
				C354622E2668F5A800DD3A30 /* Assets.xcassets */,
				C35462302668F5A800DD3A30 /* LaunchScreen.storyboard */,
				C35462332668F5A800DD3A30 /* Info.plist */,
			);
			path = DodgeCoinTracker;
			sourceTree = "<group>";
		};
/* End PBXGroup section */

/* Begin PBXNativeTarget section */
		C35462212668F5A600DD3A30 /* DodgeCoinTracker */ = {
			isa = PBXNativeTarget;
			buildConfigurationList = C35462362668F5A800DD3A30 /* Build configuration list for PBXNativeTarget "DodgeCoinTracker" */;
			buildPhases = (
				C354621E2668F5A600DD3A30 /* Sources */,
				C354621F2668F5A600DD3A30 /* Frameworks */,
				C35462202668F5A600DD3A30 /* Resources */,
			);
			buildRules = (
			);
			dependencies = (
			);
			name = DodgeCoinTracker;
			productName = DodgeCoinTracker;
			productReference = C35462222668F5A600DD3A30 /* DodgeCoinTracker.app */;
			productType = "com.apple.product-type.application";
		};
/* End PBXNativeTarget section */

/* Begin PBXProject section */
		C354621A2668F5A600DD3A30 /* Project object */ = {
			isa = PBXProject;
			attributes = {
				LastSwiftUpdateCheck = 1220;
				LastUpgradeCheck = 1220;
				TargetAttributes = {
					C35462212668F5A600DD3A30 = {
						CreatedOnToolsVersion = 12.2;
					};
				};
			};
			buildConfigurationList = C354621D2668F5A600DD3A30 /* Build configuration list for PBXProject "DodgeCoinTracker" */;
			compatibilityVersion = "Xcode 9.3";
			developmentRegion = en;
			hasScannedForEncodings = 0;
			knownRegions = (
				en,
				Base,
			);
			mainGroup = C35462192668F5A600DD3A30;
			productRefGroup = C35462232668F5A600DD3A30 /* Products */;
			projectDirPath = "";
			projectRoot = "";
			targets = (
				C35462212668F5A600DD3A30 /* DodgeCoinTracker */,
			);
		};
/* End PBXProject section */

/* Begin PBXResourcesBuildPhase section */
		C35462202668F5A600DD3A30 /* Resources */ = {
			isa = PBXResourcesBuildPhase;
			buildActionMask = 2147483647;
			files = (
				C354623F2668F9D800DD3A30 /* Dogecoin_Logo.png in Resources */,
				C35462322668F5A800DD3A30 /* LaunchScreen.storyboard in Resources */,
				C354622F2668F5A800DD3A30 /* Assets.xcassets in Resources */,
				C354622D2668F5A600DD3A30 /* Main.storyboard in Resources */,
			);
			runOnlyForDeploymentPostprocessing = 0;
		};
/* End PBXResourcesBuildPhase section */

/* Begin PBXSourcesBuildPhase section */
		C354621E2668F5A600DD3A30 /* Sources */ = {
			isa = PBXSourcesBuildPhase;
			buildActionMask = 2147483647;
			files = (
				C3546246266A052D00DD3A30 /* DogeTableViewCell.swift in Sources */,
				C35462422668FBFF00DD3A30 /* DodgeCoinData.swift in Sources */,
				C354622A2668F5A600DD3A30 /* ViewController.swift in Sources */,
				C354623B2668F60300DD3A30 /* APICaller.swift in Sources */,
				C35462262668F5A600DD3A30 /* AppDelegate.swift in Sources */,
				C35462282668F5A600DD3A30 /* SceneDelegate.swift in Sources */,
			);
			runOnlyForDeploymentPostprocessing = 0;
		};
/* End PBXSourcesBuildPhase section */

/* Begin PBXVariantGroup section */
		C354622B2668F5A600DD3A30 /* Main.storyboard */ = {
			isa = PBXVariantGroup;
			children = (
				C354622C2668F5A600DD3A30 /* Base */,
			);
			name = Main.storyboard;
			sourceTree = "<group>";
		};
		C35462302668F5A800DD3A30 /* LaunchScreen.storyboard */ = {
			isa = PBXVariantGroup;
			children = (
				C35462312668F5A800DD3A30 /* Base */,
			);
			name = LaunchScreen.storyboard;
			sourceTree = "<group>";
		};
/* End PBXVariantGroup section */

/* Begin XCBuildConfiguration section */
		C35462342668F5A800DD3A30 /* Debug */ = {
			isa = XCBuildConfiguration;
			buildSettings = {
				ALWAYS_SEARCH_USER_PATHS = NO;
				CLANG_ANALYZER_NONNULL = YES;
				CLANG_ANALYZER_NUMBER_OBJECT_CONVERSION = YES_AGGRESSIVE;
				CLANG_CXX_LANGUAGE_STANDARD = "gnu++14";
				CLANG_CXX_LIBRARY = "libc++";
				CLANG_ENABLE_MODULES = YES;
				CLANG_ENABLE_OBJC_ARC = YES;
				CLANG_ENABLE_OBJC_WEAK = YES;
				CLANG_WARN_BLOCK_CAPTURE_AUTORELEASING = YES;
				CLANG_WARN_BOOL_CONVERSION = YES;
				CLANG_WARN_COMMA = YES;
				CLANG_WARN_CONSTANT_CONVERSION = YES;
				CLANG_WARN_DEPRECATED_OBJC_IMPLEMENTATIONS = YES;
				CLANG_WARN_DIRECT_OBJC_ISA_USAGE = YES_ERROR;
				CLANG_WARN_DOCUMENTATION_COMMENTS = YES;
				CLANG_WARN_EMPTY_BODY = YES;
				CLANG_WARN_ENUM_CONVERSION = YES;
				CLANG_WARN_INFINITE_RECURSION = YES;
				CLANG_WARN_INT_CONVERSION = YES;
				CLANG_WARN_NON_LITERAL_NULL_CONVERSION = YES;
				CLANG_WARN_OBJC_IMPLICIT_RETAIN_SELF = YES;
				CLANG_WARN_OBJC_LITERAL_CONVERSION = YES;
				CLANG_WARN_OBJC_ROOT_CLASS = YES_ERROR;
				CLANG_WARN_QUOTED_INCLUDE_IN_FRAMEWORK_HEADER = YES;
				CLANG_WARN_RANGE_LOOP_ANALYSIS = YES;
				CLANG_WARN_STRICT_PROTOTYPES = YES;
				CLANG_WARN_SUSPICIOUS_MOVE = YES;
				CLANG_WARN_UNGUARDED_AVAILABILITY = YES_AGGRESSIVE;
				CLANG_WARN_UNREACHABLE_CODE = YES;
				CLANG_WARN__DUPLICATE_METHOD_MATCH = YES;
				COPY_PHASE_STRIP = NO;
				DEBUG_INFORMATION_FORMAT = dwarf;
				ENABLE_STRICT_OBJC_MSGSEND = YES;
				ENABLE_TESTABILITY = YES;
				GCC_C_LANGUAGE_STANDARD = gnu11;
				GCC_DYNAMIC_NO_PIC = NO;
				GCC_NO_COMMON_BLOCKS = YES;
				GCC_OPTIMIZATION_LEVEL = 0;
				GCC_PREPROCESSOR_DEFINITIONS = (
					"DEBUG=1",
					"$(inherited)",
				);
				GCC_WARN_64_TO_32_BIT_CONVERSION = YES;
				GCC_WARN_ABOUT_RETURN_TYPE = YES_ERROR;
				GCC_WARN_UNDECLARED_SELECTOR = YES;
				GCC_WARN_UNINITIALIZED_AUTOS = YES_AGGRESSIVE;
				GCC_WARN_UNUSED_FUNCTION = YES;
				GCC_WARN_UNUSED_VARIABLE = YES;
				IPHONEOS_DEPLOYMENT_TARGET = 14.2;
				MTL_ENABLE_DEBUG_INFO = INCLUDE_SOURCE;
				MTL_FAST_MATH = YES;
				ONLY_ACTIVE_ARCH = YES;
				SDKROOT = iphoneos;
				SWIFT_ACTIVE_COMPILATION_CONDITIONS = DEBUG;
				SWIFT_OPTIMIZATION_LEVEL = "-Onone";
			};
			name = Debug;
		};
		C35462352668F5A800DD3A30 /* Release */ = {
			isa = XCBuildConfiguration;
			buildSettings = {
				ALWAYS_SEARCH_USER_PATHS = NO;
				CLANG_ANALYZER_NONNULL = YES;
				CLANG_ANALYZER_NUMBER_OBJECT_CONVERSION = YES_AGGRESSIVE;
				CLANG_CXX_LANGUAGE_STANDARD = "gnu++14";
				CLANG_CXX_LIBRARY = "libc++";
				CLANG_ENABLE_MODULES = YES;
				CLANG_ENABLE_OBJC_ARC = YES;
				CLANG_ENABLE_OBJC_WEAK = YES;
				CLANG_WARN_BLOCK_CAPTURE_AUTORELEASING = YES;
				CLANG_WARN_BOOL_CONVERSION = YES;
				CLANG_WARN_COMMA = YES;
				CLANG_WARN_CONSTANT_CONVERSION = YES;
				CLANG_WARN_DEPRECATED_OBJC_IMPLEMENTATIONS = YES;
				CLANG_WARN_DIRECT_OBJC_ISA_USAGE = YES_ERROR;
				CLANG_WARN_DOCUMENTATION_COMMENTS = YES;
				CLANG_WARN_EMPTY_BODY = YES;
				CLANG_WARN_ENUM_CONVERSION = YES;
				CLANG_WARN_INFINITE_RECURSION = YES;
				CLANG_WARN_INT_CONVERSION = YES;
				CLANG_WARN_NON_LITERAL_NULL_CONVERSION = YES;
				CLANG_WARN_OBJC_IMPLICIT_RETAIN_SELF = YES;
				CLANG_WARN_OBJC_LITERAL_CONVERSION = YES;
				CLANG_WARN_OBJC_ROOT_CLASS = YES_ERROR;
				CLANG_WARN_QUOTED_INCLUDE_IN_FRAMEWORK_HEADER = YES;
				CLANG_WARN_RANGE_LOOP_ANALYSIS = YES;
				CLANG_WARN_STRICT_PROTOTYPES = YES;
				CLANG_WARN_SUSPICIOUS_MOVE = YES;
				CLANG_WARN_UNGUARDED_AVAILABILITY = YES_AGGRESSIVE;
				CLANG_WARN_UNREACHABLE_CODE = YES;
				CLANG_WARN__DUPLICATE_METHOD_MATCH = YES;
				COPY_PHASE_STRIP = NO;
				DEBUG_INFORMATION_FORMAT = "dwarf-with-dsym";
				ENABLE_NS_ASSERTIONS = NO;
				ENABLE_STRICT_OBJC_MSGSEND = YES;
				GCC_C_LANGUAGE_STANDARD = gnu11;
				GCC_NO_COMMON_BLOCKS = YES;
				GCC_WARN_64_TO_32_BIT_CONVERSION = YES;
				GCC_WARN_ABOUT_RETURN_TYPE = YES_ERROR;
				GCC_WARN_UNDECLARED_SELECTOR = YES;
				GCC_WARN_UNINITIALIZED_AUTOS = YES_AGGRESSIVE;
				GCC_WARN_UNUSED_FUNCTION = YES;
				GCC_WARN_UNUSED_VARIABLE = YES;
				IPHONEOS_DEPLOYMENT_TARGET = 14.2;
				MTL_ENABLE_DEBUG_INFO = NO;
				MTL_FAST_MATH = YES;
				SDKROOT = iphoneos;
				SWIFT_COMPILATION_MODE = wholemodule;
				SWIFT_OPTIMIZATION_LEVEL = "-O";
				VALIDATE_PRODUCT = YES;
			};
			name = Release;
		};
		C35462372668F5A800DD3A30 /* Debug */ = {
			isa = XCBuildConfiguration;
			buildSettings = {
				ASSETCATALOG_COMPILER_APPICON_NAME = AppIcon;
				ASSETCATALOG_COMPILER_GLOBAL_ACCENT_COLOR_NAME = AccentColor;
				CODE_SIGN_STYLE = Automatic;
				INFOPLIST_FILE = DodgeCoinTracker/Info.plist;
				LD_RUNPATH_SEARCH_PATHS = (
					"$(inherited)",
					"@executable_path/Frameworks",
				);
				PRODUCT_BUNDLE_IDENTIFIER = com.newproject.DodgeCoinTracker;
				PRODUCT_NAME = "$(TARGET_NAME)";
				SWIFT_VERSION = 5.0;
				TARGETED_DEVICE_FAMILY = "1,2";
			};
			name = Debug;
		};
		C35462382668F5A800DD3A30 /* Release */ = {
			isa = XCBuildConfiguration;
			buildSettings = {
				ASSETCATALOG_COMPILER_APPICON_NAME = AppIcon;
				ASSETCATALOG_COMPILER_GLOBAL_ACCENT_COLOR_NAME = AccentColor;
				CODE_SIGN_STYLE = Automatic;
				INFOPLIST_FILE = DodgeCoinTracker/Info.plist;
				LD_RUNPATH_SEARCH_PATHS = (
					"$(inherited)",
					"@executable_path/Frameworks",
				);
				PRODUCT_BUNDLE_IDENTIFIER = com.newproject.DodgeCoinTracker;
				PRODUCT_NAME = "$(TARGET_NAME)";
				SWIFT_VERSION = 5.0;
				TARGETED_DEVICE_FAMILY = "1,2";
			};
			name = Release;
		};
/* End XCBuildConfiguration section */

/* Begin XCConfigurationList section */
		C354621D2668F5A600DD3A30 /* Build configuration list for PBXProject "DodgeCoinTracker" */ = {
			isa = XCConfigurationList;
			buildConfigurations = (
				C35462342668F5A800DD3A30 /* Debug */,
				C35462352668F5A800DD3A30 /* Release */,
			);
			defaultConfigurationIsVisible = 0;
			defaultConfigurationName = Release;
		};
		C35462362668F5A800DD3A30 /* Build configuration list for PBXNativeTarget "DodgeCoinTracker" */ = {
			isa = XCConfigurationList;
			buildConfigurations = (
				C35462372668F5A800DD3A30 /* Debug */,
				C35462382668F5A800DD3A30 /* Release */,
			);
			defaultConfigurationIsVisible = 0;
			defaultConfigurationName = Release;
		};
/* End XCConfigurationList section */
	};
	rootObject = C354621A2668F5A600DD3A30 /* Project object */;
}
